
Microsoft Visual Studio Solution File, Format Version 12.00
# Visual Studio Version 16
VisualStudioVersion = 16.0.31313.79
MinimumVisualStudioVersion = 10.0.40219.1
Project("{9A19103F-16F7-4668-BE54-9A1E7A4F7556}") = "MyDictionary", "MyDictionary\MyDictionary.csproj", "{524A79C7-08A8-428C-B896-1BDB407DC75A}"
EndProject
Project("{9A19103F-16F7-4668-BE54-9A1E7A4F7556}") = "Matrix", "..\Matrix\Matrix.csproj", "{6DD18E68-3B6C-4BFF-8382-1F606078308A}"
EndProject
Project("{9A19103F-16F7-4668-BE54-9A1E7A4F7556}") = "MatrixFallString", "..\MatrixFallString\MatrixFallString\MatrixFallString.csproj", "{ADB9A13B-68A7-4FAD-B0DE-C44D97AD3311}"
EndProject
Project("{9A19103F-16F7-4668-BE54-9A1E7A4F7556}") = "MonthCollection", "..\..\C#углубленный\MonthCollection\MonthCollection\MonthCollection.csproj", "{7339ADFC-5310-47E8-A5E8-D1BD80E6408F}"
EndProject
Project("{FAE04EC0-301F-11D3-BF4B-00C04F79EFBC}") = "StructWorker", "..\StructWorker\StructWorker.csproj", "{2E1178DB-F187-4C1E-8902-319849FE4F01}"
EndProject
Project("{9A19103F-16F7-4668-BE54-9A1E7A4F7556}") = "Vehicle", "..\Vehicle\Vehicle.csproj", "{20879711-BDEA-42BC-AF03-50C7F409BDFB}"
EndProject
Project("{9A19103F-16F7-4668-BE54-9A1E7A4F7556}") = "Books", "..\Books\Books.csproj", "{5C2F6B55-7455-4C2E-AA62-FF2D9453DC29}"
EndProject
Global
	GlobalSection(SolutionConfigurationPlatforms) = preSolution
		Debug|Any CPU = Debug|Any CPU
		Release|Any CPU = Release|Any CPU
	EndGlobalSection
	GlobalSection(ProjectConfigurationPlatforms) = postSolution
		{524A79C7-08A8-428C-B896-1BDB407DC75A}.Debug|Any CPU.ActiveCfg = Debug|Any CPU
		{524A79C7-08A8-428C-B896-1BDB407DC75A}.Debug|Any CPU.Build.0 = Debug|Any CPU
		{524A79C7-08A8-428C-B896-1BDB407DC75A}.Release|Any CPU.ActiveCfg = Release|Any CPU
		{524A79C7-08A8-428C-B896-1BDB407DC75A}.Release|Any CPU.Build.0 = Release|Any CPU
		{6DD18E68-3B6C-4BFF-8382-1F606078308A}.Debug|Any CPU.ActiveCfg = Debug|Any CPU
		{6DD18E68-3B6C-4BFF-8382-1F606078308A}.Debug|Any CPU.Build.0 = Debug|Any CPU
		{6DD18E68-3B6C-4BFF-8382-1F606078308A}.Release|Any CPU.ActiveCfg = Release|Any CPU
		{6DD18E68-3B6C-4BFF-8382-1F606078308A}.Release|Any CPU.Build.0 = Release|Any CPU
		{ADB9A13B-68A7-4FAD-B0DE-C44D97AD3311}.Debug|Any CPU.ActiveCfg = Debug|Any CPU
		{ADB9A13B-68A7-4FAD-B0DE-C44D97AD3311}.Debug|Any CPU.Build.0 = Debug|Any CPU
		{ADB9A13B-68A7-4FAD-B0DE-C44D97AD3311}.Release|Any CPU.ActiveCfg = Release|Any CPU
		{ADB9A13B-68A7-4FAD-B0DE-C44D97AD3311}.Release|Any CPU.Build.0 = Release|Any CPU
		{7339ADFC-5310-47E8-A5E8-D1BD80E6408F}.Debug|Any CPU.ActiveCfg = Debug|Any CPU
		{7339ADFC-5310-47E8-A5E8-D1BD80E6408F}.Debug|Any CPU.Build.0 = Debug|Any CPU
		{7339ADFC-5310-47E8-A5E8-D1BD80E6408F}.Release|Any CPU.ActiveCfg = Release|Any CPU
		{7339ADFC-5310-47E8-A5E8-D1BD80E6408F}.Release|Any CPU.Build.0 = Release|Any CPU
		{2E1178DB-F187-4C1E-8902-319849FE4F01}.Debug|Any CPU.ActiveCfg = Debug|Any CPU
		{2E1178DB-F187-4C1E-8902-319849FE4F01}.Debug|Any CPU.Build.0 = Debug|Any CPU
		{2E1178DB-F187-4C1E-8902-319849FE4F01}.Release|Any CPU.ActiveCfg = Release|Any CPU
		{2E1178DB-F187-4C1E-8902-319849FE4F01}.Release|Any CPU.Build.0 = Release|Any CPU
		{20879711-BDEA-42BC-AF03-50C7F409BDFB}.Debug|Any CPU.ActiveCfg = Debug|Any CPU
		{20879711-BDEA-42BC-AF03-50C7F409BDFB}.Debug|Any CPU.Build.0 = Debug|Any CPU
		{20879711-BDEA-42BC-AF03-50C7F409BDFB}.Release|Any CPU.ActiveCfg = Release|Any CPU
		{20879711-BDEA-42BC-AF03-50C7F409BDFB}.Release|Any CPU.Build.0 = Release|Any CPU
		{5C2F6B55-7455-4C2E-AA62-FF2D9453DC29}.Debug|Any CPU.ActiveCfg = Debug|Any CPU
		{5C2F6B55-7455-4C2E-AA62-FF2D9453DC29}.Debug|Any CPU.Build.0 = Debug|Any CPU
		{5C2F6B55-7455-4C2E-AA62-FF2D9453DC29}.Release|Any CPU.ActiveCfg = Release|Any CPU
		{5C2F6B55-7455-4C2E-AA62-FF2D9453DC29}.Release|Any CPU.Build.0 = Release|Any CPU
	EndGlobalSection
	GlobalSection(SolutionProperties) = preSolution
		HideSolutionNode = FALSE
	EndGlobalSection
	GlobalSection(ExtensibilityGlobals) = postSolution
		SolutionGuid = {14D7ABA5-BBFD-4EC3-8F7C-5BA5ADBFA93B}
	EndGlobalSection
EndGlobal
